
Microsoft Visual Studio Solution File, Format Version 12.00
# Visual Studio Version 16
VisualStudioVersion = 16.0.29025.244
MinimumVisualStudioVersion = 10.0.40219.1
Project("{FAE04EC0-301F-11D3-BF4B-00C04F79EFBC}") = "WritingShared", "WritingShared.csproj", "{A793860C-EB5B-4904-80A1-2B38DC4D97D2}"
EndProject
Global
	GlobalSection(SolutionConfigurationPlatforms) = preSolution
		Debug|Any CPU = Debug|Any CPU
		Release|Any CPU = Release|Any CPU
	EndGlobalSection
	GlobalSection(ProjectConfigurationPlatforms) = postSolution
		{A793860C-EB5B-4904-80A1-2B38DC4D97D2}.Debug|Any CPU.ActiveCfg = Debug|Any CPU
		{A793860C-EB5B-4904-80A1-2B38DC4D97D2}.Debug|Any CPU.Build.0 = Debug|Any CPU
		{A793860C-EB5B-4904-80A1-2B38DC4D97D2}.Release|Any CPU.ActiveCfg = Release|Any CPU
		{A793860C-EB5B-4904-80A1-2B38DC4D97D2}.Release|Any CPU.Build.0 = Release|Any CPU
		{3A3F7A15-3C01-4303-B80A-872CCB325A46}.Debug|Any CPU.ActiveCfg = Debug|Any CPU
		{3A3F7A15-3C01-4303-B80A-872CCB325A46}.Debug|Any CPU.Build.0 = Debug|Any CPU
		{3A3F7A15-3C01-4303-B80A-872CCB325A46}.Release|Any CPU.ActiveCfg = Release|Any CPU
		{3A3F7A15-3C01-4303-B80A-872CCB325A46}.Release|Any CPU.Build.0 = Release|Any CPU
	EndGlobalSection
	GlobalSection(SolutionProperties) = preSolution
		HideSolutionNode = FALSE
	EndGlobalSection
	GlobalSection(ExtensibilityGlobals) = postSolution
		SolutionGuid = {0E4FBDC1-29CD-4524-AA57-60F3BBD7BCD0}
	EndGlobalSection
EndGlobal
